
Microsoft Visual Studio Solution File, Format Version 12.00
# Visual Studio Version 16
VisualStudioVersion = 16.0.30907.101
MinimumVisualStudioVersion = 10.0.40219.1
Project("{FAE04EC0-301F-11D3-BF4B-00C04F79EFBC}") = "GameTwist", "GameTwist.csproj", "{F145A0E9-E1AC-4667-B197-D777E86E9BCC}"
EndProject
Global
	GlobalSection(SolutionConfigurationPlatforms) = preSolution
		Debug|Any CPU = Debug|Any CPU
		Release|Any CPU = Release|Any CPU
	EndGlobalSection
	GlobalSection(ProjectConfigurationPlatforms) = postSolution
		{F145A0E9-E1AC-4667-B197-D777E86E9BCC}.Debug|Any CPU.ActiveCfg = Debug|Any CPU
		{F145A0E9-E1AC-4667-B197-D777E86E9BCC}.Debug|Any CPU.Build.0 = Debug|Any CPU
		{F145A0E9-E1AC-4667-B197-D777E86E9BCC}.Release|Any CPU.ActiveCfg = Release|Any CPU
		{F145A0E9-E1AC-4667-B197-D777E86E9BCC}.Release|Any CPU.Build.0 = Release|Any CPU
	EndGlobalSection
	GlobalSection(SolutionProperties) = preSolution
		HideSolutionNode = FALSE
	EndGlobalSection
	GlobalSection(ExtensibilityGlobals) = postSolution
		SolutionGuid = {6A552998-939B-4E83-BD7F-C016D7447434}
	EndGlobalSection
EndGlobal
